// !$*UTF8*$!
{
	archiveVersion = 1;
	classes = {
	};
	objectVersion = 50;
	objects = {

/* Begin PBXBuildFile section */
		110E7AA426931F8D00FEC4A0 /* AppDelegate.swift in Sources */ = {isa = PBXBuildFile; fileRef = 110E7AA326931F8D00FEC4A0 /* AppDelegate.swift */; };
		110E7AA626931F8D00FEC4A0 /* SceneDelegate.swift in Sources */ = {isa = PBXBuildFile; fileRef = 110E7AA526931F8D00FEC4A0 /* SceneDelegate.swift */; };
		110E7AA826931F8D00FEC4A0 /* ViewController.swift in Sources */ = {isa = PBXBuildFile; fileRef = 110E7AA726931F8D00FEC4A0 /* ViewController.swift */; };
		110E7AAB26931F8D00FEC4A0 /* Main.storyboard in Resources */ = {isa = PBXBuildFile; fileRef = 110E7AA926931F8D00FEC4A0 /* Main.storyboard */; };
		110E7AAD26931F8F00FEC4A0 /* Assets.xcassets in Resources */ = {isa = PBXBuildFile; fileRef = 110E7AAC26931F8F00FEC4A0 /* Assets.xcassets */; };
		110E7AB026931F8F00FEC4A0 /* LaunchScreen.storyboard in Resources */ = {isa = PBXBuildFile; fileRef = 110E7AAE26931F8F00FEC4A0 /* LaunchScreen.storyboard */; };
/* End PBXBuildFile section */

/* Begin PBXFileReference section */
		110E7AA026931F8D00FEC4A0 /* ViewControllerLifeCycle.app */ = {isa = PBXFileReference; explicitFileType = wrapper.application; includeInIndex = 0; path = ViewControllerLifeCycle.app; sourceTree = BUILT_PRODUCTS_DIR; };
		110E7AA326931F8D00FEC4A0 /* AppDelegate.swift */ = {isa = PBXFileReference; lastKnownFileType = sourcecode.swift; path = AppDelegate.swift; sourceTree = "<group>"; };
		110E7AA526931F8D00FEC4A0 /* SceneDelegate.swift */ = {isa = PBXFileReference; lastKnownFileType = sourcecode.swift; path = SceneDelegate.swift; sourceTree = "<group>"; };
		110E7AA726931F8D00FEC4A0 /* ViewController.swift */ = {isa = PBXFileReference; lastKnownFileType = sourcecode.swift; path = ViewController.swift; sourceTree = "<group>"; };
		110E7AAA26931F8D00FEC4A0 /* Base */ = {isa = PBXFileReference; lastKnownFileType = file.storyboard; name = Base; path = Base.lproj/Main.storyboard; sourceTree = "<group>"; };
		110E7AAC26931F8F00FEC4A0 /* Assets.xcassets */ = {isa = PBXFileReference; lastKnownFileType = folder.assetcatalog; path = Assets.xcassets; sourceTree = "<group>"; };
		110E7AAF26931F8F00FEC4A0 /* Base */ = {isa = PBXFileReference; lastKnownFileType = file.storyboard; name = Base; path = Base.lproj/LaunchScreen.storyboard; sourceTree = "<group>"; };
		110E7AB126931F8F00FEC4A0 /* Info.plist */ = {isa = PBXFileReference; lastKnownFileType = text.plist.xml; path = Info.plist; sourceTree = "<group>"; };
/* End PBXFileReference section */

/* Begin PBXFrameworksBuildPhase section */
		110E7A9D26931F8D00FEC4A0 /* Frameworks */ = {
			isa = PBXFrameworksBuildPhase;
			buildActionMask = 2147483647;
			files = (
			);
			runOnlyForDeploymentPostprocessing = 0;
		};
/* End PBXFrameworksBuildPhase section */

/* Begin PBXGroup section */
		110E7A9726931F8C00FEC4A0 = {
			isa = PBXGroup;
			children = (
				110E7AA226931F8D00FEC4A0 /* ViewControllerLifeCycle */,
				110E7AA126931F8D00FEC4A0 /* Products */,
			);
			sourceTree = "<group>";
		};
		110E7AA126931F8D00FEC4A0 /* Products */ = {
			isa = PBXGroup;
			children = (
				110E7AA026931F8D00FEC4A0 /* ViewControllerLifeCycle.app */,
			);
			name = Products;
			sourceTree = "<group>";
		};
		110E7AA226931F8D00FEC4A0 /* ViewControllerLifeCycle */ = {
			isa = PBXGroup;
			children = (
				110E7AA326931F8D00FEC4A0 /* AppDelegate.swift */,
				110E7AA526931F8D00FEC4A0 /* SceneDelegate.swift */,
				110E7AA726931F8D00FEC4A0 /* ViewController.swift */,
				110E7AA926931F8D00FEC4A0 /* Main.storyboard */,
				110E7AAC26931F8F00FEC4A0 /* Assets.xcassets */,
				110E7AAE26931F8F00FEC4A0 /* LaunchScreen.storyboard */,
				110E7AB126931F8F00FEC4A0 /* Info.plist */,
			);
			path = ViewControllerLifeCycle;
			sourceTree = "<group>";
		};
/* End PBXGroup section */

/* Begin PBXNativeTarget section */
		110E7A9F26931F8D00FEC4A0 /* ViewControllerLifeCycle */ = {
			isa = PBXNativeTarget;
			buildConfigurationList = 110E7AB426931F8F00FEC4A0 /* Build configuration list for PBXNativeTarget "ViewControllerLifeCycle" */;
			buildPhases = (
				110E7A9C26931F8D00FEC4A0 /* Sources */,
				110E7A9D26931F8D00FEC4A0 /* Frameworks */,
				110E7A9E26931F8D00FEC4A0 /* Resources */,
			);
			buildRules = (
			);
			dependencies = (
			);
			name = ViewControllerLifeCycle;
			productName = ViewControllerLifeCycle;
			productReference = 110E7AA026931F8D00FEC4A0 /* ViewControllerLifeCycle.app */;
			productType = "com.apple.product-type.application";
		};
/* End PBXNativeTarget section */

/* Begin PBXProject section */
		110E7A9826931F8C00FEC4A0 /* Project object */ = {
			isa = PBXProject;
			attributes = {
				LastSwiftUpdateCheck = 1240;
				LastUpgradeCheck = 1240;
				TargetAttributes = {
					110E7A9F26931F8D00FEC4A0 = {
						CreatedOnToolsVersion = 12.4;
					};
				};
			};
			buildConfigurationList = 110E7A9B26931F8C00FEC4A0 /* Build configuration list for PBXProject "ViewControllerLifeCycle" */;
			compatibilityVersion = "Xcode 9.3";
			developmentRegion = en;
			hasScannedForEncodings = 0;
			knownRegions = (
				en,
				Base,
			);
			mainGroup = 110E7A9726931F8C00FEC4A0;
			productRefGroup = 110E7AA126931F8D00FEC4A0 /* Products */;
			projectDirPath = "";
			projectRoot = "";
			targets = (
				110E7A9F26931F8D00FEC4A0 /* ViewControllerLifeCycle */,
			);
		};
/* End PBXProject section */

/* Begin PBXResourcesBuildPhase section */
		110E7A9E26931F8D00FEC4A0 /* Resources */ = {
			isa = PBXResourcesBuildPhase;
			buildActionMask = 2147483647;
			files = (
				110E7AB026931F8F00FEC4A0 /* LaunchScreen.storyboard in Resources */,
				110E7AAD26931F8F00FEC4A0 /* Assets.xcassets in Resources */,
				110E7AAB26931F8D00FEC4A0 /* Main.storyboard in Resources */,
			);
			runOnlyForDeploymentPostprocessing = 0;
		};
/* End PBXResourcesBuildPhase section */

/* Begin PBXSourcesBuildPhase section */
		110E7A9C26931F8D00FEC4A0 /* Sources */ = {
			isa = PBXSourcesBuildPhase;
			buildActionMask = 2147483647;
			files = (
				110E7AA826931F8D00FEC4A0 /* ViewController.swift in Sources */,
				110E7AA426931F8D00FEC4A0 /* AppDelegate.swift in Sources */,
				110E7AA626931F8D00FEC4A0 /* SceneDelegate.swift in Sources */,
			);
			runOnlyForDeploymentPostprocessing = 0;
		};
/* End PBXSourcesBuildPhase section */

/* Begin PBXVariantGroup section */
		110E7AA926931F8D00FEC4A0 /* Main.storyboard */ = {
			isa = PBXVariantGroup;
			children = (
				110E7AAA26931F8D00FEC4A0 /* Base */,
			);
			name = Main.storyboard;
			sourceTree = "<group>";
		};
		110E7AAE26931F8F00FEC4A0 /* LaunchScreen.storyboard */ = {
			isa = PBXVariantGroup;
			children = (
				110E7AAF26931F8F00FEC4A0 /* Base */,
			);
			name = LaunchScreen.storyboard;
			sourceTree = "<group>";
		};
/* End PBXVariantGroup section */

/* Begin XCBuildConfiguration section */
		110E7AB226931F8F00FEC4A0 /* DEV1 */ = {
			isa = XCBuildConfiguration;
			buildSettings = {
				ALWAYS_SEARCH_USER_PATHS = NO;
				CLANG_ANALYZER_NONNULL = YES;
				CLANG_ANALYZER_NUMBER_OBJECT_CONVERSION = YES_AGGRESSIVE;
				CLANG_CXX_LANGUAGE_STANDARD = "gnu++14";
				CLANG_CXX_LIBRARY = "libc++";
				CLANG_ENABLE_MODULES = YES;
				CLANG_ENABLE_OBJC_ARC = YES;
				CLANG_ENABLE_OBJC_WEAK = YES;
				CLANG_WARN_BLOCK_CAPTURE_AUTORELEASING = YES;
				CLANG_WARN_BOOL_CONVERSION = YES;
				CLANG_WARN_COMMA = YES;
				CLANG_WARN_CONSTANT_CONVERSION = YES;
				CLANG_WARN_DEPRECATED_OBJC_IMPLEMENTATIONS = YES;
				CLANG_WARN_DIRECT_OBJC_ISA_USAGE = YES_ERROR;
				CLANG_WARN_DOCUMENTATION_COMMENTS = YES;
				CLANG_WARN_EMPTY_BODY = YES;
				CLANG_WARN_ENUM_CONVERSION = YES;
				CLANG_WARN_INFINITE_RECURSION = YES;
				CLANG_WARN_INT_CONVERSION = YES;
				CLANG_WARN_NON_LITERAL_NULL_CONVERSION = YES;
				CLANG_WARN_OBJC_IMPLICIT_RETAIN_SELF = YES;
				CLANG_WARN_OBJC_LITERAL_CONVERSION = YES;
				CLANG_WARN_OBJC_ROOT_CLASS = YES_ERROR;
				CLANG_WARN_QUOTED_INCLUDE_IN_FRAMEWORK_HEADER = YES;
				CLANG_WARN_RANGE_LOOP_ANALYSIS = YES;
				CLANG_WARN_STRICT_PROTOTYPES = YES;
				CLANG_WARN_SUSPICIOUS_MOVE = YES;
				CLANG_WARN_UNGUARDED_AVAILABILITY = YES_AGGRESSIVE;
				CLANG_WARN_UNREACHABLE_CODE = YES;
				CLANG_WARN__DUPLICATE_METHOD_MATCH = YES;
				COPY_PHASE_STRIP = NO;
				DEBUG_INFORMATION_FORMAT = dwarf;
				ENABLE_STRICT_OBJC_MSGSEND = YES;
				ENABLE_TESTABILITY = YES;
				GCC_C_LANGUAGE_STANDARD = gnu11;
				GCC_DYNAMIC_NO_PIC = NO;
				GCC_NO_COMMON_BLOCKS = YES;
				GCC_OPTIMIZATION_LEVEL = 0;
				GCC_PREPROCESSOR_DEFINITIONS = (
					"DEBUG=1",
					"$(inherited)",
				);
				GCC_WARN_64_TO_32_BIT_CONVERSION = YES;
				GCC_WARN_ABOUT_RETURN_TYPE = YES_ERROR;
				GCC_WARN_UNDECLARED_SELECTOR = YES;
				GCC_WARN_UNINITIALIZED_AUTOS = YES_AGGRESSIVE;
				GCC_WARN_UNUSED_FUNCTION = YES;
				GCC_WARN_UNUSED_VARIABLE = YES;
				IPHONEOS_DEPLOYMENT_TARGET = 14.4;
				MTL_ENABLE_DEBUG_INFO = INCLUDE_SOURCE;
				MTL_FAST_MATH = YES;
				NEW_SETTINGFirst = vijayvir1;
				ONLY_ACTIVE_ARCH = YES;
				SDKROOT = iphoneos;
				SWIFT_ACTIVE_COMPILATION_CONDITIONS = DEBUG;
				SWIFT_OPTIMIZATION_LEVEL = "-Onone";
			};
			name = DEV1;
		};
		110E7AB326931F8F00FEC4A0 /* ProductionFirst */ = {
			isa = XCBuildConfiguration;
			buildSettings = {
				ALWAYS_SEARCH_USER_PATHS = NO;
				CLANG_ANALYZER_NONNULL = YES;
				CLANG_ANALYZER_NUMBER_OBJECT_CONVERSION = YES_AGGRESSIVE;
				CLANG_CXX_LANGUAGE_STANDARD = "gnu++14";
				CLANG_CXX_LIBRARY = "libc++";
				CLANG_ENABLE_MODULES = YES;
				CLANG_ENABLE_OBJC_ARC = YES;
				CLANG_ENABLE_OBJC_WEAK = YES;
				CLANG_WARN_BLOCK_CAPTURE_AUTORELEASING = YES;
				CLANG_WARN_BOOL_CONVERSION = YES;
				CLANG_WARN_COMMA = YES;
				CLANG_WARN_CONSTANT_CONVERSION = YES;
				CLANG_WARN_DEPRECATED_OBJC_IMPLEMENTATIONS = YES;
				CLANG_WARN_DIRECT_OBJC_ISA_USAGE = YES_ERROR;
				CLANG_WARN_DOCUMENTATION_COMMENTS = YES;
				CLANG_WARN_EMPTY_BODY = YES;
				CLANG_WARN_ENUM_CONVERSION = YES;
				CLANG_WARN_INFINITE_RECURSION = YES;
				CLANG_WARN_INT_CONVERSION = YES;
				CLANG_WARN_NON_LITERAL_NULL_CONVERSION = YES;
				CLANG_WARN_OBJC_IMPLICIT_RETAIN_SELF = YES;
				CLANG_WARN_OBJC_LITERAL_CONVERSION = YES;
				CLANG_WARN_OBJC_ROOT_CLASS = YES_ERROR;
				CLANG_WARN_QUOTED_INCLUDE_IN_FRAMEWORK_HEADER = YES;
				CLANG_WARN_RANGE_LOOP_ANALYSIS = YES;
				CLANG_WARN_STRICT_PROTOTYPES = YES;
				CLANG_WARN_SUSPICIOUS_MOVE = YES;
				CLANG_WARN_UNGUARDED_AVAILABILITY = YES_AGGRESSIVE;
				CLANG_WARN_UNREACHABLE_CODE = YES;
				CLANG_WARN__DUPLICATE_METHOD_MATCH = YES;
				COPY_PHASE_STRIP = NO;
				DEBUG_INFORMATION_FORMAT = "dwarf-with-dsym";
				ENABLE_NS_ASSERTIONS = NO;
				ENABLE_STRICT_OBJC_MSGSEND = YES;
				GCC_C_LANGUAGE_STANDARD = gnu11;
				GCC_NO_COMMON_BLOCKS = YES;
				GCC_WARN_64_TO_32_BIT_CONVERSION = YES;
				GCC_WARN_ABOUT_RETURN_TYPE = YES_ERROR;
				GCC_WARN_UNDECLARED_SELECTOR = YES;
				GCC_WARN_UNINITIALIZED_AUTOS = YES_AGGRESSIVE;
				GCC_WARN_UNUSED_FUNCTION = YES;
				GCC_WARN_UNUSED_VARIABLE = YES;
				IPHONEOS_DEPLOYMENT_TARGET = 14.4;
				MTL_ENABLE_DEBUG_INFO = NO;
				MTL_FAST_MATH = YES;
				NEW_SETTINGFirst = vijayvir1;
				SDKROOT = iphoneos;
				SWIFT_COMPILATION_MODE = wholemodule;
				SWIFT_OPTIMIZATION_LEVEL = "-O";
				VALIDATE_PRODUCT = YES;
			};
			name = ProductionFirst;
		};
		110E7AB526931F8F00FEC4A0 /* DEV1 */ = {
			isa = XCBuildConfiguration;
			buildSettings = {
				ASSETCATALOG_COMPILER_APPICON_NAME = AppIcon;
				ASSETCATALOG_COMPILER_GLOBAL_ACCENT_COLOR_NAME = AccentColor;
				CODE_SIGN_STYLE = Automatic;
				DEVELOPMENT_TEAM = K6RG6LVAYB;
				INFOPLIST_FILE = ViewControllerLifeCycle/Info.plist;
				LD_RUNPATH_SEARCH_PATHS = (
					"$(inherited)",
					"@executable_path/Frameworks",
				);
				NEW_SETTINGFirst = "vijayvir2] DEV!";
				PRODUCT_BUNDLE_IDENTIFIER = vijayvir.ViewControllerLifeCycle;
				PRODUCT_NAME = "$(TARGET_NAME)";
				SWIFT_VERSION = 5.0;
				TARGETED_DEVICE_FAMILY = "1,2";
			};
			name = DEV1;
		};
		110E7AB626931F8F00FEC4A0 /* ProductionFirst */ = {
			isa = XCBuildConfiguration;
			buildSettings = {
				ASSETCATALOG_COMPILER_APPICON_NAME = AppIcon;
				ASSETCATALOG_COMPILER_GLOBAL_ACCENT_COLOR_NAME = AccentColor;
				CODE_SIGN_STYLE = Automatic;
				DEVELOPMENT_TEAM = K6RG6LVAYB;
				INFOPLIST_FILE = ViewControllerLifeCycle/Info.plist;
				LD_RUNPATH_SEARCH_PATHS = (
					"$(inherited)",
					"@executable_path/Frameworks",
				);
				NEW_SETTINGFirst = "vijayvir3 ProductionFirst";
				PRODUCT_BUNDLE_IDENTIFIER = vijayvir.ViewControllerLifeCycle;
				PRODUCT_NAME = "$(TARGET_NAME)";
				SWIFT_VERSION = 5.0;
				TARGETED_DEVICE_FAMILY = "1,2";
			};
			name = ProductionFirst;
		};
		110E7AC02693485300FEC4A0 /* UATFirst */ = {
			isa = XCBuildConfiguration;
			buildSettings = {
				ALWAYS_SEARCH_USER_PATHS = NO;
				CLANG_ANALYZER_NONNULL = YES;
				CLANG_ANALYZER_NUMBER_OBJECT_CONVERSION = YES_AGGRESSIVE;
				CLANG_CXX_LANGUAGE_STANDARD = "gnu++14";
				CLANG_CXX_LIBRARY = "libc++";
				CLANG_ENABLE_MODULES = YES;
				CLANG_ENABLE_OBJC_ARC = YES;
				CLANG_ENABLE_OBJC_WEAK = YES;
				CLANG_WARN_BLOCK_CAPTURE_AUTORELEASING = YES;
				CLANG_WARN_BOOL_CONVERSION = YES;
				CLANG_WARN_COMMA = YES;
				CLANG_WARN_CONSTANT_CONVERSION = YES;
				CLANG_WARN_DEPRECATED_OBJC_IMPLEMENTATIONS = YES;
				CLANG_WARN_DIRECT_OBJC_ISA_USAGE = YES_ERROR;
				CLANG_WARN_DOCUMENTATION_COMMENTS = YES;
				CLANG_WARN_EMPTY_BODY = YES;
				CLANG_WARN_ENUM_CONVERSION = YES;
				CLANG_WARN_INFINITE_RECURSION = YES;
				CLANG_WARN_INT_CONVERSION = YES;
				CLANG_WARN_NON_LITERAL_NULL_CONVERSION = YES;
				CLANG_WARN_OBJC_IMPLICIT_RETAIN_SELF = YES;
				CLANG_WARN_OBJC_LITERAL_CONVERSION = YES;
				CLANG_WARN_OBJC_ROOT_CLASS = YES_ERROR;
				CLANG_WARN_QUOTED_INCLUDE_IN_FRAMEWORK_HEADER = YES;
				CLANG_WARN_RANGE_LOOP_ANALYSIS = YES;
				CLANG_WARN_STRICT_PROTOTYPES = YES;
				CLANG_WARN_SUSPICIOUS_MOVE = YES;
				CLANG_WARN_UNGUARDED_AVAILABILITY = YES_AGGRESSIVE;
				CLANG_WARN_UNREACHABLE_CODE = YES;
				CLANG_WARN__DUPLICATE_METHOD_MATCH = YES;
				COPY_PHASE_STRIP = NO;
				DEBUG_INFORMATION_FORMAT = "dwarf-with-dsym";
				ENABLE_NS_ASSERTIONS = NO;
				ENABLE_STRICT_OBJC_MSGSEND = YES;
				GCC_C_LANGUAGE_STANDARD = gnu11;
				GCC_NO_COMMON_BLOCKS = YES;
				GCC_WARN_64_TO_32_BIT_CONVERSION = YES;
				GCC_WARN_ABOUT_RETURN_TYPE = YES_ERROR;
				GCC_WARN_UNDECLARED_SELECTOR = YES;
				GCC_WARN_UNINITIALIZED_AUTOS = YES_AGGRESSIVE;
				GCC_WARN_UNUSED_FUNCTION = YES;
				GCC_WARN_UNUSED_VARIABLE = YES;
				IPHONEOS_DEPLOYMENT_TARGET = 14.4;
				MTL_ENABLE_DEBUG_INFO = NO;
				MTL_FAST_MATH = YES;
				NEW_SETTINGFirst = vijayvir1;
				SDKROOT = iphoneos;
				SWIFT_COMPILATION_MODE = wholemodule;
				SWIFT_OPTIMIZATION_LEVEL = "-O";
				VALIDATE_PRODUCT = YES;
			};
			name = UATFirst;
		};
		110E7AC12693485300FEC4A0 /* UATFirst */ = {
			isa = XCBuildConfiguration;
			buildSettings = {
				ASSETCATALOG_COMPILER_APPICON_NAME = AppIcon;
				ASSETCATALOG_COMPILER_GLOBAL_ACCENT_COLOR_NAME = AccentColor;
				CODE_SIGN_STYLE = Automatic;
				DEVELOPMENT_TEAM = K6RG6LVAYB;
				INFOPLIST_FILE = ViewControllerLifeCycle/Info.plist;
				LD_RUNPATH_SEARCH_PATHS = (
					"$(inherited)",
					"@executable_path/Frameworks",
				);
				NEW_SETTINGFirst = "vijayvir4 UAt";
				PRODUCT_BUNDLE_IDENTIFIER = vijayvir.ViewControllerLifeCycle;
				PRODUCT_NAME = "$(TARGET_NAME)";
				SWIFT_VERSION = 5.0;
				TARGETED_DEVICE_FAMILY = "1,2";
			};
			name = UATFirst;
		};
/* End XCBuildConfiguration section */

/* Begin XCConfigurationList section */
		110E7A9B26931F8C00FEC4A0 /* Build configuration list for PBXProject "ViewControllerLifeCycle" */ = {
			isa = XCConfigurationList;
			buildConfigurations = (
				110E7AB226931F8F00FEC4A0 /* DEV1 */,
				110E7AB326931F8F00FEC4A0 /* ProductionFirst */,
				110E7AC02693485300FEC4A0 /* UATFirst */,
			);
			defaultConfigurationIsVisible = 0;
			defaultConfigurationName = ProductionFirst;
		};
		110E7AB426931F8F00FEC4A0 /* Build configuration list for PBXNativeTarget "ViewControllerLifeCycle" */ = {
			isa = XCConfigurationList;
			buildConfigurations = (
				110E7AB526931F8F00FEC4A0 /* DEV1 */,
				110E7AB626931F8F00FEC4A0 /* ProductionFirst */,
				110E7AC12693485300FEC4A0 /* UATFirst */,
			);
			defaultConfigurationIsVisible = 0;
			defaultConfigurationName = ProductionFirst;
		};
/* End XCConfigurationList section */
	};
	rootObject = 110E7A9826931F8C00FEC4A0 /* Project object */;
}
